// !$*UTF8*$!
{
	archiveVersion = 1;
	classes = {
	};
	objectVersion = 50;
	objects = {

/* Begin PBXBuildFile section */
		276E418D24A32F0200CFB294 /* Chapter3.m in Sources */ = {isa = PBXBuildFile; fileRef = 276E418C24A32F0200CFB294 /* Chapter3.m */; };
		27EEE7B0249C5A6B00163ACB /* AppDelegate.m in Sources */ = {isa = PBXBuildFile; fileRef = 27EEE7AF249C5A6B00163ACB /* AppDelegate.m */; };
		27EEE7B3249C5A6B00163ACB /* SceneDelegate.m in Sources */ = {isa = PBXBuildFile; fileRef = 27EEE7B2249C5A6B00163ACB /* SceneDelegate.m */; };
		27EEE7B6249C5A6B00163ACB /* ViewController.m in Sources */ = {isa = PBXBuildFile; fileRef = 27EEE7B5249C5A6B00163ACB /* ViewController.m */; };
		27EEE7B9249C5A6B00163ACB /* Main.storyboard in Resources */ = {isa = PBXBuildFile; fileRef = 27EEE7B7249C5A6B00163ACB /* Main.storyboard */; };
		27EEE7BB249C5A6E00163ACB /* Assets.xcassets in Resources */ = {isa = PBXBuildFile; fileRef = 27EEE7BA249C5A6E00163ACB /* Assets.xcassets */; };
		27EEE7BE249C5A6E00163ACB /* LaunchScreen.storyboard in Resources */ = {isa = PBXBuildFile; fileRef = 27EEE7BC249C5A6E00163ACB /* LaunchScreen.storyboard */; };
		27EEE7C1249C5A6E00163ACB /* main.m in Sources */ = {isa = PBXBuildFile; fileRef = 27EEE7C0249C5A6E00163ACB /* main.m */; };
		27EEE7CA249C5F9000163ACB /* Chapter1.m in Sources */ = {isa = PBXBuildFile; fileRef = 27EEE7C9249C5F9000163ACB /* Chapter1.m */; };
		27EEE7CD249C66A600163ACB /* UIViewController+LTM.m in Sources */ = {isa = PBXBuildFile; fileRef = 27EEE7CC249C66A600163ACB /* UIViewController+LTM.m */; };
		27EEE7D0249C68BC00163ACB /* UIViewController+LTM1.m in Sources */ = {isa = PBXBuildFile; fileRef = 27EEE7CF249C68BC00163ACB /* UIViewController+LTM1.m */; };
		27EEE7D4249CA45000163ACB /* Chapter2.m in Sources */ = {isa = PBXBuildFile; fileRef = 27EEE7D3249CA45000163ACB /* Chapter2.m */; };
/* End PBXBuildFile section */

/* Begin PBXFileReference section */
		276E418B24A32F0200CFB294 /* Chapter3.h */ = {isa = PBXFileReference; lastKnownFileType = sourcecode.c.h; path = Chapter3.h; sourceTree = "<group>"; };
		276E418C24A32F0200CFB294 /* Chapter3.m */ = {isa = PBXFileReference; lastKnownFileType = sourcecode.c.objc; path = Chapter3.m; sourceTree = "<group>"; };
		27EEE7AB249C5A6B00163ACB /* RapidAdvanced.app */ = {isa = PBXFileReference; explicitFileType = wrapper.application; includeInIndex = 0; path = RapidAdvanced.app; sourceTree = BUILT_PRODUCTS_DIR; };
		27EEE7AE249C5A6B00163ACB /* AppDelegate.h */ = {isa = PBXFileReference; lastKnownFileType = sourcecode.c.h; path = AppDelegate.h; sourceTree = "<group>"; };
		27EEE7AF249C5A6B00163ACB /* AppDelegate.m */ = {isa = PBXFileReference; lastKnownFileType = sourcecode.c.objc; path = AppDelegate.m; sourceTree = "<group>"; };
		27EEE7B1249C5A6B00163ACB /* SceneDelegate.h */ = {isa = PBXFileReference; lastKnownFileType = sourcecode.c.h; path = SceneDelegate.h; sourceTree = "<group>"; };
		27EEE7B2249C5A6B00163ACB /* SceneDelegate.m */ = {isa = PBXFileReference; lastKnownFileType = sourcecode.c.objc; path = SceneDelegate.m; sourceTree = "<group>"; };
		27EEE7B4249C5A6B00163ACB /* ViewController.h */ = {isa = PBXFileReference; lastKnownFileType = sourcecode.c.h; path = ViewController.h; sourceTree = "<group>"; };
		27EEE7B5249C5A6B00163ACB /* ViewController.m */ = {isa = PBXFileReference; lastKnownFileType = sourcecode.c.objc; path = ViewController.m; sourceTree = "<group>"; };
		27EEE7B8249C5A6B00163ACB /* Base */ = {isa = PBXFileReference; lastKnownFileType = file.storyboard; name = Base; path = Base.lproj/Main.storyboard; sourceTree = "<group>"; };
		27EEE7BA249C5A6E00163ACB /* Assets.xcassets */ = {isa = PBXFileReference; lastKnownFileType = folder.assetcatalog; path = Assets.xcassets; sourceTree = "<group>"; };
		27EEE7BD249C5A6E00163ACB /* Base */ = {isa = PBXFileReference; lastKnownFileType = file.storyboard; name = Base; path = Base.lproj/LaunchScreen.storyboard; sourceTree = "<group>"; };
		27EEE7BF249C5A6E00163ACB /* Info.plist */ = {isa = PBXFileReference; lastKnownFileType = text.plist.xml; path = Info.plist; sourceTree = "<group>"; };
		27EEE7C0249C5A6E00163ACB /* main.m */ = {isa = PBXFileReference; lastKnownFileType = sourcecode.c.objc; path = main.m; sourceTree = "<group>"; };
		27EEE7C8249C5F9000163ACB /* Chapter1.h */ = {isa = PBXFileReference; lastKnownFileType = sourcecode.c.h; path = Chapter1.h; sourceTree = "<group>"; };
		27EEE7C9249C5F9000163ACB /* Chapter1.m */ = {isa = PBXFileReference; lastKnownFileType = sourcecode.c.objc; path = Chapter1.m; sourceTree = "<group>"; };
		27EEE7CB249C66A600163ACB /* UIViewController+LTM.h */ = {isa = PBXFileReference; lastKnownFileType = sourcecode.c.h; path = "UIViewController+LTM.h"; sourceTree = "<group>"; };
		27EEE7CC249C66A600163ACB /* UIViewController+LTM.m */ = {isa = PBXFileReference; lastKnownFileType = sourcecode.c.objc; path = "UIViewController+LTM.m"; sourceTree = "<group>"; };
		27EEE7CE249C68BC00163ACB /* UIViewController+LTM1.h */ = {isa = PBXFileReference; lastKnownFileType = sourcecode.c.h; path = "UIViewController+LTM1.h"; sourceTree = "<group>"; };
		27EEE7CF249C68BC00163ACB /* UIViewController+LTM1.m */ = {isa = PBXFileReference; lastKnownFileType = sourcecode.c.objc; path = "UIViewController+LTM1.m"; sourceTree = "<group>"; };
		27EEE7D2249CA45000163ACB /* Chapter2.h */ = {isa = PBXFileReference; lastKnownFileType = sourcecode.c.h; path = Chapter2.h; sourceTree = "<group>"; };
		27EEE7D3249CA45000163ACB /* Chapter2.m */ = {isa = PBXFileReference; lastKnownFileType = sourcecode.c.objc; path = Chapter2.m; sourceTree = "<group>"; };
/* End PBXFileReference section */

/* Begin PBXFrameworksBuildPhase section */
		27EEE7A8249C5A6B00163ACB /* Frameworks */ = {
			isa = PBXFrameworksBuildPhase;
			buildActionMask = 2147483647;
			files = (
			);
			runOnlyForDeploymentPostprocessing = 0;
		};
/* End PBXFrameworksBuildPhase section */

/* Begin PBXGroup section */
		276E418A24A32EE800CFB294 /* Chapter3 */ = {
			isa = PBXGroup;
			children = (
				276E418B24A32F0200CFB294 /* Chapter3.h */,
				276E418C24A32F0200CFB294 /* Chapter3.m */,
			);
			path = Chapter3;
			sourceTree = "<group>";
		};
		27EEE7A2249C5A6B00163ACB = {
			isa = PBXGroup;
			children = (
				27EEE7AD249C5A6B00163ACB /* RapidAdvanced */,
				27EEE7AC249C5A6B00163ACB /* Products */,
			);
			sourceTree = "<group>";
		};
		27EEE7AC249C5A6B00163ACB /* Products */ = {
			isa = PBXGroup;
			children = (
				27EEE7AB249C5A6B00163ACB /* RapidAdvanced.app */,
			);
			name = Products;
			sourceTree = "<group>";
		};
		27EEE7AD249C5A6B00163ACB /* RapidAdvanced */ = {
			isa = PBXGroup;
			children = (
				27EEE7AE249C5A6B00163ACB /* AppDelegate.h */,
				27EEE7AF249C5A6B00163ACB /* AppDelegate.m */,
				27EEE7B1249C5A6B00163ACB /* SceneDelegate.h */,
				27EEE7B2249C5A6B00163ACB /* SceneDelegate.m */,
				27EEE7B4249C5A6B00163ACB /* ViewController.h */,
				27EEE7B5249C5A6B00163ACB /* ViewController.m */,
				276E418A24A32EE800CFB294 /* Chapter3 */,
				27EEE7D1249CA43A00163ACB /* Chapter2 */,
				27EEE7C7249C5F5C00163ACB /* Chapter1 */,
				27EEE7B7249C5A6B00163ACB /* Main.storyboard */,
				27EEE7BA249C5A6E00163ACB /* Assets.xcassets */,
				27EEE7BC249C5A6E00163ACB /* LaunchScreen.storyboard */,
				27EEE7BF249C5A6E00163ACB /* Info.plist */,
				27EEE7C0249C5A6E00163ACB /* main.m */,
			);
			path = RapidAdvanced;
			sourceTree = "<group>";
		};
		27EEE7C7249C5F5C00163ACB /* Chapter1 */ = {
			isa = PBXGroup;
			children = (
				27EEE7C8249C5F9000163ACB /* Chapter1.h */,
				27EEE7C9249C5F9000163ACB /* Chapter1.m */,
				27EEE7CB249C66A600163ACB /* UIViewController+LTM.h */,
				27EEE7CC249C66A600163ACB /* UIViewController+LTM.m */,
				27EEE7CE249C68BC00163ACB /* UIViewController+LTM1.h */,
				27EEE7CF249C68BC00163ACB /* UIViewController+LTM1.m */,
			);
			path = Chapter1;
			sourceTree = "<group>";
		};
		27EEE7D1249CA43A00163ACB /* Chapter2 */ = {
			isa = PBXGroup;
			children = (
				27EEE7D2249CA45000163ACB /* Chapter2.h */,
				27EEE7D3249CA45000163ACB /* Chapter2.m */,
			);
			path = Chapter2;
			sourceTree = "<group>";
		};
/* End PBXGroup section */

/* Begin PBXNativeTarget section */
		27EEE7AA249C5A6B00163ACB /* RapidAdvanced */ = {
			isa = PBXNativeTarget;
			buildConfigurationList = 27EEE7C4249C5A6E00163ACB /* Build configuration list for PBXNativeTarget "RapidAdvanced" */;
			buildPhases = (
				27EEE7A7249C5A6B00163ACB /* Sources */,
				27EEE7A8249C5A6B00163ACB /* Frameworks */,
				27EEE7A9249C5A6B00163ACB /* Resources */,
			);
			buildRules = (
			);
			dependencies = (
			);
			name = RapidAdvanced;
			productName = RapidAdvanced;
			productReference = 27EEE7AB249C5A6B00163ACB /* RapidAdvanced.app */;
			productType = "com.apple.product-type.application";
		};
/* End PBXNativeTarget section */

/* Begin PBXProject section */
		27EEE7A3249C5A6B00163ACB /* Project object */ = {
			isa = PBXProject;
			attributes = {
				LastUpgradeCheck = 1150;
				ORGANIZATIONNAME = LTM;
				TargetAttributes = {
					27EEE7AA249C5A6B00163ACB = {
						CreatedOnToolsVersion = 11.5;
					};
				};
			};
			buildConfigurationList = 27EEE7A6249C5A6B00163ACB /* Build configuration list for PBXProject "RapidAdvanced" */;
			compatibilityVersion = "Xcode 9.3";
			developmentRegion = en;
			hasScannedForEncodings = 0;
			knownRegions = (
				en,
				Base,
			);
			mainGroup = 27EEE7A2249C5A6B00163ACB;
			productRefGroup = 27EEE7AC249C5A6B00163ACB /* Products */;
			projectDirPath = "";
			projectRoot = "";
			targets = (
				27EEE7AA249C5A6B00163ACB /* RapidAdvanced */,
			);
		};
/* End PBXProject section */

/* Begin PBXResourcesBuildPhase section */
		27EEE7A9249C5A6B00163ACB /* Resources */ = {
			isa = PBXResourcesBuildPhase;
			buildActionMask = 2147483647;
			files = (
				27EEE7BE249C5A6E00163ACB /* LaunchScreen.storyboard in Resources */,
				27EEE7BB249C5A6E00163ACB /* Assets.xcassets in Resources */,
				27EEE7B9249C5A6B00163ACB /* Main.storyboard in Resources */,
			);
			runOnlyForDeploymentPostprocessing = 0;
		};
/* End PBXResourcesBuildPhase section */

/* Begin PBXSourcesBuildPhase section */
		27EEE7A7249C5A6B00163ACB /* Sources */ = {
			isa = PBXSourcesBuildPhase;
			buildActionMask = 2147483647;
			files = (
				27EEE7D0249C68BC00163ACB /* UIViewController+LTM1.m in Sources */,
				27EEE7CD249C66A600163ACB /* UIViewController+LTM.m in Sources */,
				27EEE7B6249C5A6B00163ACB /* ViewController.m in Sources */,
				27EEE7B0249C5A6B00163ACB /* AppDelegate.m in Sources */,
				276E418D24A32F0200CFB294 /* Chapter3.m in Sources */,
				27EEE7C1249C5A6E00163ACB /* main.m in Sources */,
				27EEE7CA249C5F9000163ACB /* Chapter1.m in Sources */,
				27EEE7D4249CA45000163ACB /* Chapter2.m in Sources */,
				27EEE7B3249C5A6B00163ACB /* SceneDelegate.m in Sources */,
			);
			runOnlyForDeploymentPostprocessing = 0;
		};
/* End PBXSourcesBuildPhase section */

/* Begin PBXVariantGroup section */
		27EEE7B7249C5A6B00163ACB /* Main.storyboard */ = {
			isa = PBXVariantGroup;
			children = (
				27EEE7B8249C5A6B00163ACB /* Base */,
			);
			name = Main.storyboard;
			sourceTree = "<group>";
		};
		27EEE7BC249C5A6E00163ACB /* LaunchScreen.storyboard */ = {
			isa = PBXVariantGroup;
			children = (
				27EEE7BD249C5A6E00163ACB /* Base */,
			);
			name = LaunchScreen.storyboard;
			sourceTree = "<group>";
		};
/* End PBXVariantGroup section */

/* Begin XCBuildConfiguration section */
		27EEE7C2249C5A6E00163ACB /* Debug */ = {
			isa = XCBuildConfiguration;
			buildSettings = {
				ALWAYS_SEARCH_USER_PATHS = NO;
				CLANG_ANALYZER_NONNULL = YES;
				CLANG_ANALYZER_NUMBER_OBJECT_CONVERSION = YES_AGGRESSIVE;
				CLANG_CXX_LANGUAGE_STANDARD = "gnu++14";
				CLANG_CXX_LIBRARY = "libc++";
				CLANG_ENABLE_MODULES = YES;
				CLANG_ENABLE_OBJC_ARC = YES;
				CLANG_ENABLE_OBJC_WEAK = YES;
				CLANG_WARN_BLOCK_CAPTURE_AUTORELEASING = YES;
				CLANG_WARN_BOOL_CONVERSION = YES;
				CLANG_WARN_COMMA = YES;
				CLANG_WARN_CONSTANT_CONVERSION = YES;
				CLANG_WARN_DEPRECATED_OBJC_IMPLEMENTATIONS = YES;
				CLANG_WARN_DIRECT_OBJC_ISA_USAGE = YES_ERROR;
				CLANG_WARN_DOCUMENTATION_COMMENTS = YES;
				CLANG_WARN_EMPTY_BODY = YES;
				CLANG_WARN_ENUM_CONVERSION = YES;
				CLANG_WARN_INFINITE_RECURSION = YES;
				CLANG_WARN_INT_CONVERSION = YES;
				CLANG_WARN_NON_LITERAL_NULL_CONVERSION = YES;
				CLANG_WARN_OBJC_IMPLICIT_RETAIN_SELF = YES;
				CLANG_WARN_OBJC_LITERAL_CONVERSION = YES;
				CLANG_WARN_OBJC_ROOT_CLASS = YES_ERROR;
				CLANG_WARN_RANGE_LOOP_ANALYSIS = YES;
				CLANG_WARN_STRICT_PROTOTYPES = YES;
				CLANG_WARN_SUSPICIOUS_MOVE = YES;
				CLANG_WARN_UNGUARDED_AVAILABILITY = YES_AGGRESSIVE;
				CLANG_WARN_UNREACHABLE_CODE = YES;
				CLANG_WARN__DUPLICATE_METHOD_MATCH = YES;
				COPY_PHASE_STRIP = NO;
				DEBUG_INFORMATION_FORMAT = dwarf;
				ENABLE_STRICT_OBJC_MSGSEND = YES;
				ENABLE_TESTABILITY = YES;
				GCC_C_LANGUAGE_STANDARD = gnu11;
				GCC_DYNAMIC_NO_PIC = NO;
				GCC_NO_COMMON_BLOCKS = YES;
				GCC_OPTIMIZATION_LEVEL = 0;
				GCC_PREPROCESSOR_DEFINITIONS = (
					"DEBUG=1",
					"$(inherited)",
				);
				GCC_WARN_64_TO_32_BIT_CONVERSION = YES;
				GCC_WARN_ABOUT_RETURN_TYPE = YES_ERROR;
				GCC_WARN_UNDECLARED_SELECTOR = YES;
				GCC_WARN_UNINITIALIZED_AUTOS = YES_AGGRESSIVE;
				GCC_WARN_UNUSED_FUNCTION = YES;
				GCC_WARN_UNUSED_VARIABLE = YES;
				IPHONEOS_DEPLOYMENT_TARGET = 13.5;
				MTL_ENABLE_DEBUG_INFO = INCLUDE_SOURCE;
				MTL_FAST_MATH = YES;
				ONLY_ACTIVE_ARCH = YES;
				SDKROOT = iphoneos;
			};
			name = Debug;
		};
		27EEE7C3249C5A6E00163ACB /* Release */ = {
			isa = XCBuildConfiguration;
			buildSettings = {
				ALWAYS_SEARCH_USER_PATHS = NO;
				CLANG_ANALYZER_NONNULL = YES;
				CLANG_ANALYZER_NUMBER_OBJECT_CONVERSION = YES_AGGRESSIVE;
				CLANG_CXX_LANGUAGE_STANDARD = "gnu++14";
				CLANG_CXX_LIBRARY = "libc++";
				CLANG_ENABLE_MODULES = YES;
				CLANG_ENABLE_OBJC_ARC = YES;
				CLANG_ENABLE_OBJC_WEAK = YES;
				CLANG_WARN_BLOCK_CAPTURE_AUTORELEASING = YES;
				CLANG_WARN_BOOL_CONVERSION = YES;
				CLANG_WARN_COMMA = YES;
				CLANG_WARN_CONSTANT_CONVERSION = YES;
				CLANG_WARN_DEPRECATED_OBJC_IMPLEMENTATIONS = YES;
				CLANG_WARN_DIRECT_OBJC_ISA_USAGE = YES_ERROR;
				CLANG_WARN_DOCUMENTATION_COMMENTS = YES;
				CLANG_WARN_EMPTY_BODY = YES;
				CLANG_WARN_ENUM_CONVERSION = YES;
				CLANG_WARN_INFINITE_RECURSION = YES;
				CLANG_WARN_INT_CONVERSION = YES;
				CLANG_WARN_NON_LITERAL_NULL_CONVERSION = YES;
				CLANG_WARN_OBJC_IMPLICIT_RETAIN_SELF = YES;
				CLANG_WARN_OBJC_LITERAL_CONVERSION = YES;
				CLANG_WARN_OBJC_ROOT_CLASS = YES_ERROR;
				CLANG_WARN_RANGE_LOOP_ANALYSIS = YES;
				CLANG_WARN_STRICT_PROTOTYPES = YES;
				CLANG_WARN_SUSPICIOUS_MOVE = YES;
				CLANG_WARN_UNGUARDED_AVAILABILITY = YES_AGGRESSIVE;
				CLANG_WARN_UNREACHABLE_CODE = YES;
				CLANG_WARN__DUPLICATE_METHOD_MATCH = YES;
				COPY_PHASE_STRIP = NO;
				DEBUG_INFORMATION_FORMAT = "dwarf-with-dsym";
				ENABLE_NS_ASSERTIONS = NO;
				ENABLE_STRICT_OBJC_MSGSEND = YES;
				GCC_C_LANGUAGE_STANDARD = gnu11;
				GCC_NO_COMMON_BLOCKS = YES;
				GCC_WARN_64_TO_32_BIT_CONVERSION = YES;
				GCC_WARN_ABOUT_RETURN_TYPE = YES_ERROR;
				GCC_WARN_UNDECLARED_SELECTOR = YES;
				GCC_WARN_UNINITIALIZED_AUTOS = YES_AGGRESSIVE;
				GCC_WARN_UNUSED_FUNCTION = YES;
				GCC_WARN_UNUSED_VARIABLE = YES;
				IPHONEOS_DEPLOYMENT_TARGET = 13.5;
				MTL_ENABLE_DEBUG_INFO = NO;
				MTL_FAST_MATH = YES;
				SDKROOT = iphoneos;
				VALIDATE_PRODUCT = YES;
			};
			name = Release;
		};
		27EEE7C5249C5A6E00163ACB /* Debug */ = {
			isa = XCBuildConfiguration;
			buildSettings = {
				ASSETCATALOG_COMPILER_APPICON_NAME = AppIcon;
				CODE_SIGN_STYLE = Automatic;
				DEVELOPMENT_TEAM = 9AC6B3PGZV;
				INFOPLIST_FILE = RapidAdvanced/Info.plist;
				LD_RUNPATH_SEARCH_PATHS = (
					"$(inherited)",
					"@executable_path/Frameworks",
				);
				PRODUCT_BUNDLE_IDENTIFIER = com.ltm.RapidAdvanced;
				PRODUCT_NAME = "$(TARGET_NAME)";
				TARGETED_DEVICE_FAMILY = "1,2";
			};
			name = Debug;
		};
		27EEE7C6249C5A6E00163ACB /* Release */ = {
			isa = XCBuildConfiguration;
			buildSettings = {
				ASSETCATALOG_COMPILER_APPICON_NAME = AppIcon;
				CODE_SIGN_STYLE = Automatic;
				DEVELOPMENT_TEAM = 9AC6B3PGZV;
				INFOPLIST_FILE = RapidAdvanced/Info.plist;
				LD_RUNPATH_SEARCH_PATHS = (
					"$(inherited)",
					"@executable_path/Frameworks",
				);
				PRODUCT_BUNDLE_IDENTIFIER = com.ltm.RapidAdvanced;
				PRODUCT_NAME = "$(TARGET_NAME)";
				TARGETED_DEVICE_FAMILY = "1,2";
			};
			name = Release;
		};
/* End XCBuildConfiguration section */

/* Begin XCConfigurationList section */
		27EEE7A6249C5A6B00163ACB /* Build configuration list for PBXProject "RapidAdvanced" */ = {
			isa = XCConfigurationList;
			buildConfigurations = (
				27EEE7C2249C5A6E00163ACB /* Debug */,
				27EEE7C3249C5A6E00163ACB /* Release */,
			);
			defaultConfigurationIsVisible = 0;
			defaultConfigurationName = Release;
		};
		27EEE7C4249C5A6E00163ACB /* Build configuration list for PBXNativeTarget "RapidAdvanced" */ = {
			isa = XCConfigurationList;
			buildConfigurations = (
				27EEE7C5249C5A6E00163ACB /* Debug */,
				27EEE7C6249C5A6E00163ACB /* Release */,
			);
			defaultConfigurationIsVisible = 0;
			defaultConfigurationName = Release;
		};
/* End XCConfigurationList section */
	};
	rootObject = 27EEE7A3249C5A6B00163ACB /* Project object */;
}
